
Microsoft Visual Studio Solution File, Format Version 12.00
# Visual Studio Version 17
VisualStudioVersion = 17.0.31903.59
MinimumVisualStudioVersion = 10.0.40219.1
Project("{9A19103F-16F7-4668-BE54-9A1E7A4F7556}") = "SportHub.Contracts", "SportHub.Contracts\SportHub.Contracts.csproj", "{1C3DE543-F3AF-4E92-A167-6AD90A9C6737}"
EndProject
Project("{9A19103F-16F7-4668-BE54-9A1E7A4F7556}") = "SportHub.Core", "SportHub.Core\SportHub.Core.csproj", "{24D958F7-D130-4E77-A0E3-7792960AC5BC}"
EndProject
Project("{9A19103F-16F7-4668-BE54-9A1E7A4F7556}") = "SportHub.Data", "SportHub.Data\SportHub.Data.csproj", "{F4B91002-5142-4BEC-950E-C56AE52F8A52}"
EndProject
Project("{9A19103F-16F7-4668-BE54-9A1E7A4F7556}") = "SportHub.Services", "SportHub.Services\SportHub.Services.csproj", "{09D1962F-6EF0-4FE1-85B8-57A7A33F5D23}"
EndProject
Project("{9A19103F-16F7-4668-BE54-9A1E7A4F7556}") = "SportHub.Api", "SportHub.Api\SportHub.Api.csproj", "{EA3DED4B-B843-40F6-B878-8A9F14A6A999}"
EndProject
Global
	GlobalSection(SolutionConfigurationPlatforms) = preSolution
		Debug|Any CPU = Debug|Any CPU
		Release|Any CPU = Release|Any CPU
	EndGlobalSection
	GlobalSection(ProjectConfigurationPlatforms) = postSolution
		{1C3DE543-F3AF-4E92-A167-6AD90A9C6737}.Debug|Any CPU.ActiveCfg = Debug|Any CPU
		{1C3DE543-F3AF-4E92-A167-6AD90A9C6737}.Debug|Any CPU.Build.0 = Debug|Any CPU
		{1C3DE543-F3AF-4E92-A167-6AD90A9C6737}.Release|Any CPU.ActiveCfg = Release|Any CPU
		{1C3DE543-F3AF-4E92-A167-6AD90A9C6737}.Release|Any CPU.Build.0 = Release|Any CPU
		{24D958F7-D130-4E77-A0E3-7792960AC5BC}.Debug|Any CPU.ActiveCfg = Debug|Any CPU
		{24D958F7-D130-4E77-A0E3-7792960AC5BC}.Debug|Any CPU.Build.0 = Debug|Any CPU
		{24D958F7-D130-4E77-A0E3-7792960AC5BC}.Release|Any CPU.ActiveCfg = Release|Any CPU
		{24D958F7-D130-4E77-A0E3-7792960AC5BC}.Release|Any CPU.Build.0 = Release|Any CPU
		{F4B91002-5142-4BEC-950E-C56AE52F8A52}.Debug|Any CPU.ActiveCfg = Debug|Any CPU
		{F4B91002-5142-4BEC-950E-C56AE52F8A52}.Debug|Any CPU.Build.0 = Debug|Any CPU
		{F4B91002-5142-4BEC-950E-C56AE52F8A52}.Release|Any CPU.ActiveCfg = Release|Any CPU
		{F4B91002-5142-4BEC-950E-C56AE52F8A52}.Release|Any CPU.Build.0 = Release|Any CPU
		{09D1962F-6EF0-4FE1-85B8-57A7A33F5D23}.Debug|Any CPU.ActiveCfg = Debug|Any CPU
		{09D1962F-6EF0-4FE1-85B8-57A7A33F5D23}.Debug|Any CPU.Build.0 = Debug|Any CPU
		{09D1962F-6EF0-4FE1-85B8-57A7A33F5D23}.Release|Any CPU.ActiveCfg = Release|Any CPU
		{09D1962F-6EF0-4FE1-85B8-57A7A33F5D23}.Release|Any CPU.Build.0 = Release|Any CPU
		{EA3DED4B-B843-40F6-B878-8A9F14A6A999}.Debug|Any CPU.ActiveCfg = Debug|Any CPU
		{EA3DED4B-B843-40F6-B878-8A9F14A6A999}.Debug|Any CPU.Build.0 = Debug|Any CPU
		{EA3DED4B-B843-40F6-B878-8A9F14A6A999}.Release|Any CPU.ActiveCfg = Release|Any CPU
		{EA3DED4B-B843-40F6-B878-8A9F14A6A999}.Release|Any CPU.Build.0 = Release|Any CPU
	EndGlobalSection
	GlobalSection(SolutionProperties) = preSolution
		HideSolutionNode = FALSE
	EndGlobalSection
EndGlobal
